{
	"name": "vue-tsc-go",
	"version": "0.1.0",
	"lockfileVersion": 3,
	"requires": true,
	"packages": {
		"": {
			"name": "vue-tsc-go",
			"version": "0.1.0",
			"license": "MIT",
			"dependencies": {
				"typescript-native-bridge": "6.0.3-bridge.16.tsgo.7.0.2",
				"vue-tsc": "3.1.5"
			},
			"bin": {
				"vue-tsc-go": "bin/vue-tsc-go.js"
			},
			"engines": {
				"node": ">=20.19"
			}
		},
		"node_modules/@babel/helper-string-parser": {
			"version": "7.29.7",
			"resolved": "https://registry.npmmirror.com/@babel/helper-string-parser/-/helper-string-parser-7.29.7.tgz",
			"integrity": "sha512-Pb5ijPrZ89GDH8223L4UP8i6QApWxs04RbPQJTeWDV0/keR2E36MeKnyr6LYmUUvqRRI+Iv87SuF1W6ErINzYw==",
			"license": "MIT",
			"engines": {
				"node": ">=6.9.0"
			}
		},
		"node_modules/@babel/helper-validator-identifier": {
			"version": "7.29.7",
			"resolved": "https://registry.npmmirror.com/@babel/helper-validator-identifier/-/helper-validator-identifier-7.29.7.tgz",
			"integrity": "sha512-qehxGkRj55h/ff8EMaJ+cYhyaKlHIxqYDn682wQD7RNp9UujOQsHog2uS0r2vzr4pW+sXf90NeeayjcNaX3fFg==",
			"license": "MIT",
			"engines": {
				"node": ">=6.9.0"
			}
		},
		"node_modules/@babel/parser": {
			"version": "7.29.9",
			"resolved": "https://registry.npmmirror.com/@babel/parser/-/parser-7.29.9.tgz",
			"integrity": "sha512-CjXrNHTnvqBVqHgdBysY3vk2T8tpJHb5/RMeHJBTyVa9xgugCB0CJTx/3oO8RV2QRQP391RWpB7D6hLjm8V9uA==",
			"license": "MIT",
			"dependencies": {
				"@babel/types": "^7.29.8"
			},
			"bin": {
				"parser": "bin/babel-parser.js"
			},
			"engines": {
				"node": ">=6.0.0"
			}
		},
		"node_modules/@babel/types": {
			"version": "7.29.8",
			"resolved": "https://registry.npmmirror.com/@babel/types/-/types-7.29.8.tgz",
			"integrity": "sha512-Vj1jF3cPfxg7OAfoI7QnVKLoILlm2JF9pnVHrX8qx7AHMiYWT+NDAA7jChlNgRS4WTLc/fD1lXLmPixluj+3Gg==",
			"license": "MIT",
			"dependencies": {
				"@babel/helper-string-parser": "^7.29.7",
				"@babel/helper-validator-identifier": "^7.29.7"
			},
			"engines": {
				"node": ">=6.9.0"
			}
		},
		"node_modules/@typescript-native-bridge/darwin-arm64": {
			"version": "6.0.3-bridge.16.tsgo.7.0.2",
			"resolved": "https://registry.npmmirror.com/@typescript-native-bridge/darwin-arm64/-/darwin-arm64-6.0.3-bridge.16.tsgo.7.0.2.tgz",
			"integrity": "sha512-D0yL7T3gDXwn4XiRtA1x7bW+0zedMUVG3PnIt+X4lxblnId+Wo2FBvf+2ZLZpPOO3DILGz5bdX+Aq8tqboeGEg==",
			"cpu": [
				"arm64"
			],
			"license": "Apache-2.0",
			"optional": true,
			"os": [
				"darwin"
			]
		},
		"node_modules/@typescript-native-bridge/darwin-x64": {
			"version": "6.0.3-bridge.16.tsgo.7.0.2",
			"resolved": "https://registry.npmmirror.com/@typescript-native-bridge/darwin-x64/-/darwin-x64-6.0.3-bridge.16.tsgo.7.0.2.tgz",
			"integrity": "sha512-HLPoAVsmkgDec3UZpUPI4hquvA/X/qZ71w4dQXP7LbsN+5ROpum7gWx9S0ZwVgvoaC4++iu08Qnw1l5gXknyvg==",
			"cpu": [
				"x64"
			],
			"license": "Apache-2.0",
			"optional": true,
			"os": [
				"darwin"
			]
		},
		"node_modules/@typescript-native-bridge/linux-arm": {
			"version": "6.0.3-bridge.16.tsgo.7.0.2",
			"resolved": "https://registry.npmmirror.com/@typescript-native-bridge/linux-arm/-/linux-arm-6.0.3-bridge.16.tsgo.7.0.2.tgz",
			"integrity": "sha512-rCqqctyc4801hX2pCVM1kv7rYfBiSi0SGJU+Nv3RQ5C2gBXkShBA39+Vw0bsqrX+Fj+Tre4kuOdSlUnSeDv2GA==",
			"cpu": [
				"arm"
			],
			"license": "Apache-2.0",
			"optional": true,
			"os": [
				"linux"
			]
		},
		"node_modules/@typescript-native-bridge/linux-arm64": {
			"version": "6.0.3-bridge.16.tsgo.7.0.2",
			"resolved": "https://registry.npmmirror.com/@typescript-native-bridge/linux-arm64/-/linux-arm64-6.0.3-bridge.16.tsgo.7.0.2.tgz",
			"integrity": "sha512-tVOhuwktZREiVdfOTgh4K8sLaJZHyXOz5SwtwkMknM3A6tSdYTqQ3s7s/hDkB18l33+ZWBKYfJ69Sge8pGeKJw==",
			"cpu": [
				"arm64"
			],
			"license": "Apache-2.0",
			"optional": true,
			"os": [
				"linux"
			]
		},
		"node_modules/@typescript-native-bridge/linux-x64": {
			"version": "6.0.3-bridge.16.tsgo.7.0.2",
			"resolved": "https://registry.npmmirror.com/@typescript-native-bridge/linux-x64/-/linux-x64-6.0.3-bridge.16.tsgo.7.0.2.tgz",
			"integrity": "sha512-WKIuVkh9YuL1udrL0Dp+XvNLaM9maQZMz38ukNn93kwNhSXIXa+62xK69IKdc8osVZU6fDk0ZbIKkcrGkOi51A==",
			"cpu": [
				"x64"
			],
			"license": "Apache-2.0",
			"optional": true,
			"os": [
				"linux"
			]
		},
		"node_modules/@typescript-native-bridge/win32-arm64": {
			"version": "6.0.3-bridge.16.tsgo.7.0.2",
			"resolved": "https://registry.npmmirror.com/@typescript-native-bridge/win32-arm64/-/win32-arm64-6.0.3-bridge.16.tsgo.7.0.2.tgz",
			"integrity": "sha512-u0/Aq5bkdFcuw463Y6zsYSKRdX1rcTtLkAK1PTwRH70aMkaU6vkr7BSIjvLj3lDCqsySFuoHHuNg5J2pmqxp3A==",
			"cpu": [
				"arm64"
			],
			"license": "Apache-2.0",
			"optional": true,
			"os": [
				"win32"
			]
		},
		"node_modules/@typescript-native-bridge/win32-x64": {
			"version": "6.0.3-bridge.16.tsgo.7.0.2",
			"resolved": "https://registry.npmmirror.com/@typescript-native-bridge/win32-x64/-/win32-x64-6.0.3-bridge.16.tsgo.7.0.2.tgz",
			"integrity": "sha512-l0OPZ6xD69vQpyfS5yTSwJ5xJTYM2hUKFRYlvyyUSvbFubUz8jQRLcrn+WU4QehV9WkVIQIx8CLgNCI0Zqhmyg==",
			"cpu": [
				"x64"
			],
			"license": "Apache-2.0",
			"optional": true,
			"os": [
				"win32"
			]
		},
		"node_modules/@typescript/typescript-aix-ppc64": {
			"version": "7.0.2",
			"resolved": "https://registry.npmmirror.com/@typescript/typescript-aix-ppc64/-/typescript-aix-ppc64-7.0.2.tgz",
			"integrity": "sha512-MTKKkWB7p/0E9xi1d1tHtZ5PiLkGEMIq88pK2CubZjOsLtYTLqhgIgi6zepFa+9GHZ6h05NMCkQxGKiPXMxXtQ==",
			"cpu": [
				"ppc64"
			],
			"license": "Apache-2.0",
			"optional": true,
			"os": [
				"aix"
			],
			"peer": true,
			"engines": {
				"node": ">=16.20.0"
			}
		},
		"node_modules/@typescript/typescript-darwin-arm64": {
			"version": "7.0.2",
			"resolved": "https://registry.npmmirror.com/@typescript/typescript-darwin-arm64/-/typescript-darwin-arm64-7.0.2.tgz",
			"integrity": "sha512-gowzar9MwS/aRWp6f3a4KUqzRjAZjOsmGNCM6LcTgXum+dBfgsBVMN+AgvOCCbguXyick6LJhpBszxMebJ8syA==",
			"cpu": [
				"arm64"
			],
			"license": "Apache-2.0",
			"optional": true,
			"os": [
				"darwin"
			],
			"peer": true,
			"engines": {
				"node": ">=16.20.0"
			}
		},
		"node_modules/@typescript/typescript-darwin-x64": {
			"version": "7.0.2",
			"resolved": "https://registry.npmmirror.com/@typescript/typescript-darwin-x64/-/typescript-darwin-x64-7.0.2.tgz",
			"integrity": "sha512-SZ9xZInqApNlNGc9s0W1VSsktYSOe9cFqNOIqmN1Gs8SmkjKZYFt017G4VwPxASInODuAdbTW7sXiFUf893RgA==",
			"cpu": [
				"x64"
			],
			"license": "Apache-2.0",
			"optional": true,
			"os": [
				"darwin"
			],
			"peer": true,
			"engines": {
				"node": ">=16.20.0"
			}
		},
		"node_modules/@typescript/typescript-freebsd-arm64": {
			"version": "7.0.2",
			"resolved": "https://registry.npmmirror.com/@typescript/typescript-freebsd-arm64/-/typescript-freebsd-arm64-7.0.2.tgz",
			"integrity": "sha512-W5NH4y/J0plIIS5b2xvTEkU7JFxyqdMAOgf+Ilhl0vHQXKO5dZoxd+C/jEtq56c4F3wk71RB4BMRQ2XdI+bwYQ==",
			"cpu": [
				"arm64"
			],
			"license": "Apache-2.0",
			"optional": true,
			"os": [
				"freebsd"
			],
			"peer": true,
			"engines": {
				"node": ">=16.20.0"
			}
		},
		"node_modules/@typescript/typescript-freebsd-x64": {
			"version": "7.0.2",
			"resolved": "https://registry.npmmirror.com/@typescript/typescript-freebsd-x64/-/typescript-freebsd-x64-7.0.2.tgz",
			"integrity": "sha512-UMGDx5sTpzNw3WiPebH7l90IWfJggEd+egHt/q6p7/Cm3zqoV7VxkGXt+3DxPIw8CcmvAB0j3sVVfbhX+M4Tpw==",
			"cpu": [
				"x64"
			],
			"license": "Apache-2.0",
			"optional": true,
			"os": [
				"freebsd"
			],
			"peer": true,
			"engines": {
				"node": ">=16.20.0"
			}
		},
		"node_modules/@typescript/typescript-linux-arm": {
			"version": "7.0.2",
			"resolved": "https://registry.npmmirror.com/@typescript/typescript-linux-arm/-/typescript-linux-arm-7.0.2.tgz",
			"integrity": "sha512-gffT3xPz9sR7j/YJExkyPntrI0P2EP9XbOyWzth2/Gs0RstK+90RBcO0ncXoXy/beYll1SXw846Nf2zdnEz0QQ==",
			"cpu": [
				"arm"
			],
			"license": "Apache-2.0",
			"optional": true,
			"os": [
				"linux"
			],
			"peer": true,
			"engines": {
				"node": ">=16.20.0"
			}
		},
		"node_modules/@typescript/typescript-linux-arm64": {
			"version": "7.0.2",
			"resolved": "https://registry.npmmirror.com/@typescript/typescript-linux-arm64/-/typescript-linux-arm64-7.0.2.tgz",
			"integrity": "sha512-Qh4eU4/y3yDjnfjjyPYihMj5/ODIlmt+Bzu17OI+fiSRDW57QmU5SiN63exPRNJPKUzcc1INa1NXdrJ+MqHjUQ==",
			"cpu": [
				"arm64"
			],
			"license": "Apache-2.0",
			"optional": true,
			"os": [
				"linux"
			],
			"peer": true,
			"engines": {
				"node": ">=16.20.0"
			}
		},
		"node_modules/@typescript/typescript-linux-loong64": {
			"version": "7.0.2",
			"resolved": "https://registry.npmmirror.com/@typescript/typescript-linux-loong64/-/typescript-linux-loong64-7.0.2.tgz",
			"integrity": "sha512-uEHck9i8hoAzXPiYRib1O7miOnz23SxIeVl6F4LXox+qov1K35jHcEW6VHKvZI+pyvl7fZEP4MCU5LYvIq1GuQ==",
			"cpu": [
				"loong64"
			],
			"license": "Apache-2.0",
			"optional": true,
			"os": [
				"linux"
			],
			"peer": true,
			"engines": {
				"node": ">=16.20.0"
			}
		},
		"node_modules/@typescript/typescript-linux-mips64el": {
			"version": "7.0.2",
			"resolved": "https://registry.npmmirror.com/@typescript/typescript-linux-mips64el/-/typescript-linux-mips64el-7.0.2.tgz",
			"integrity": "sha512-R4KvAMnE43W5Qeqb0Ly56O3mWMWIAgsMyz36DCaycd5nbg/9kzm0liw3JocfRqyJY0KPmzFjbswozXyW0DnIYA==",
			"cpu": [
				"mips64el"
			],
			"license": "Apache-2.0",
			"optional": true,
			"os": [
				"linux"
			],
			"peer": true,
			"engines": {
				"node": ">=16.20.0"
			}
		},
		"node_modules/@typescript/typescript-linux-ppc64": {
			"version": "7.0.2",
			"resolved": "https://registry.npmmirror.com/@typescript/typescript-linux-ppc64/-/typescript-linux-ppc64-7.0.2.tgz",
			"integrity": "sha512-DORx5b3sd/4S7eayxm4FQv+A7CrkUIGRaHiwI8oiHTAI1fAPWhF4J0vAlkC8biAlHSVVwxMQ3tjZ2/DVbnQiiA==",
			"cpu": [
				"ppc64"
			],
			"license": "Apache-2.0",
			"optional": true,
			"os": [
				"linux"
			],
			"peer": true,
			"engines": {
				"node": ">=16.20.0"
			}
		},
		"node_modules/@typescript/typescript-linux-riscv64": {
			"version": "7.0.2",
			"resolved": "https://registry.npmmirror.com/@typescript/typescript-linux-riscv64/-/typescript-linux-riscv64-7.0.2.tgz",
			"integrity": "sha512-wf0jqEDOjrPRnKwYRyyJDRo11KMbvMFrU+q4zqKyChODBzvlkbhNQfKvLxQCcwTpdDaXSHZTVuh0JoCrKCUMHQ==",
			"cpu": [
				"riscv64"
			],
			"license": "Apache-2.0",
			"optional": true,
			"os": [
				"linux"
			],
			"peer": true,
			"engines": {
				"node": ">=16.20.0"
			}
		},
		"node_modules/@typescript/typescript-linux-s390x": {
			"version": "7.0.2",
			"resolved": "https://registry.npmmirror.com/@typescript/typescript-linux-s390x/-/typescript-linux-s390x-7.0.2.tgz",
			"integrity": "sha512-IkwJc3L7yhytWd/ewjyxNDfOmswCm9GWMJT/ue/dU4aZNbwZeYAetq42VyLmsmSjvoX7z74X6ZaYCtzAr0EuGw==",
			"cpu": [
				"s390x"
			],
			"license": "Apache-2.0",
			"optional": true,
			"os": [
				"linux"
			],
			"peer": true,
			"engines": {
				"node": ">=16.20.0"
			}
		},
		"node_modules/@typescript/typescript-linux-x64": {
			"version": "7.0.2",
			"resolved": "https://registry.npmmirror.com/@typescript/typescript-linux-x64/-/typescript-linux-x64-7.0.2.tgz",
			"integrity": "sha512-EYdf2cNg7rgCWJnxCdJ+F3V39O8ihb37eHAu1LK8oAFizgTQbPOK7zHHXbPt8rX24COqODXeI3sIf0fCXG7H/A==",
			"cpu": [
				"x64"
			],
			"license": "Apache-2.0",
			"optional": true,
			"os": [
				"linux"
			],
			"peer": true,
			"engines": {
				"node": ">=16.20.0"
			}
		},
		"node_modules/@typescript/typescript-netbsd-arm64": {
			"version": "7.0.2",
			"resolved": "https://registry.npmmirror.com/@typescript/typescript-netbsd-arm64/-/typescript-netbsd-arm64-7.0.2.tgz",
			"integrity": "sha512-+polYF4MF04aPpO5FTkHran9yUQDSXqy5GiSDKpsll5jy3l3+g9QLhpf39T+ePtefhXLOGrLl0QIjkQP6VnelA==",
			"cpu": [
				"arm64"
			],
			"license": "Apache-2.0",
			"optional": true,
			"os": [
				"netbsd"
			],
			"peer": true,
			"engines": {
				"node": ">=16.20.0"
			}
		},
		"node_modules/@typescript/typescript-netbsd-x64": {
			"version": "7.0.2",
			"resolved": "https://registry.npmmirror.com/@typescript/typescript-netbsd-x64/-/typescript-netbsd-x64-7.0.2.tgz",
			"integrity": "sha512-8YIT0EHM/3dq10ZOVF/A7pc/YSMtbcecct4rWtexrnSCHOPcpC2KTLXfTCR6vDpnSiY12heNb1GiN/wu+T/FyA==",
			"cpu": [
				"x64"
			],
			"license": "Apache-2.0",
			"optional": true,
			"os": [
				"netbsd"
			],
			"peer": true,
			"engines": {
				"node": ">=16.20.0"
			}
		},
		"node_modules/@typescript/typescript-openbsd-arm64": {
			"version": "7.0.2",
			"resolved": "https://registry.npmmirror.com/@typescript/typescript-openbsd-arm64/-/typescript-openbsd-arm64-7.0.2.tgz",
			"integrity": "sha512-APT8+ClYnuYm1u9+kgGXoMj2VzWzcymwh2gNSQVySHfkRDGOTVkoWLjCmOQSaO+PoqQ57B0flRp9SA+7GnnkzQ==",
			"cpu": [
				"arm64"
			],
			"license": "Apache-2.0",
			"optional": true,
			"os": [
				"openbsd"
			],
			"peer": true,
			"engines": {
				"node": ">=16.20.0"
			}
		},
		"node_modules/@typescript/typescript-openbsd-x64": {
			"version": "7.0.2",
			"resolved": "https://registry.npmmirror.com/@typescript/typescript-openbsd-x64/-/typescript-openbsd-x64-7.0.2.tgz",
			"integrity": "sha512-yX7s+Q0Dln0Dt9tEzZsAjXXR/+ytBM7AlglaqyeMPxQszJ1JhlJdZ6jLA+IzldHtflX81em7lDao1xXu+aRRkg==",
			"cpu": [
				"x64"
			],
			"license": "Apache-2.0",
			"optional": true,
			"os": [
				"openbsd"
			],
			"peer": true,
			"engines": {
				"node": ">=16.20.0"
			}
		},
		"node_modules/@typescript/typescript-sunos-x64": {
			"version": "7.0.2",
			"resolved": "https://registry.npmmirror.com/@typescript/typescript-sunos-x64/-/typescript-sunos-x64-7.0.2.tgz",
			"integrity": "sha512-dLJDGaLZ1D4HPQn62u1n8mBDkJREwMsAkCdkwd4Ieqw+x3TUyTsqY0YiBCtE6H6OzzgGk3iuZ3vFWRS+E8/d1g==",
			"cpu": [
				"x64"
			],
			"license": "Apache-2.0",
			"optional": true,
			"os": [
				"sunos"
			],
			"peer": true,
			"engines": {
				"node": ">=16.20.0"
			}
		},
		"node_modules/@typescript/typescript-win32-arm64": {
			"version": "7.0.2",
			"resolved": "https://registry.npmmirror.com/@typescript/typescript-win32-arm64/-/typescript-win32-arm64-7.0.2.tgz",
			"integrity": "sha512-Gyl1Vy6OsWesLzmq+EP0Fb7b4Nid5232AvcA2SFcdYreldpNtYFFofPjnt62y9hQy7VTaZp65ICJjuAQRaVcIQ==",
			"cpu": [
				"arm64"
			],
			"license": "Apache-2.0",
			"optional": true,
			"os": [
				"win32"
			],
			"peer": true,
			"engines": {
				"node": ">=16.20.0"
			}
		},
		"node_modules/@typescript/typescript-win32-x64": {
			"version": "7.0.2",
			"resolved": "https://registry.npmmirror.com/@typescript/typescript-win32-x64/-/typescript-win32-x64-7.0.2.tgz",
			"integrity": "sha512-0BQ3HkAHHlKLSp1qRvf3SUhGpGsDuhB/jgFw75guyqbxJqEaS0Cw/VFO8i2nHglJUzQCRtMMR/IBAKE3ETMC4g==",
			"cpu": [
				"x64"
			],
			"license": "Apache-2.0",
			"optional": true,
			"os": [
				"win32"
			],
			"peer": true,
			"engines": {
				"node": ">=16.20.0"
			}
		},
		"node_modules/@volar/language-core": {
			"version": "2.4.23",
			"resolved": "https://registry.npmmirror.com/@volar/language-core/-/language-core-2.4.23.tgz",
			"integrity": "sha512-hEEd5ET/oSmBC6pi1j6NaNYRWoAiDhINbT8rmwtINugR39loROSlufGdYMF9TaKGfz+ViGs1Idi3mAhnuPcoGQ==",
			"license": "MIT",
			"dependencies": {
				"@volar/source-map": "2.4.23"
			}
		},
		"node_modules/@volar/source-map": {
			"version": "2.4.23",
			"resolved": "https://registry.npmmirror.com/@volar/source-map/-/source-map-2.4.23.tgz",
			"integrity": "sha512-Z1Uc8IB57Lm6k7q6KIDu/p+JWtf3xsXJqAX/5r18hYOTpJyBn0KXUR8oTJ4WFYOcDzWC9n3IflGgHowx6U6z9Q==",
			"license": "MIT"
		},
		"node_modules/@volar/typescript": {
			"version": "2.4.23",
			"resolved": "https://registry.npmmirror.com/@volar/typescript/-/typescript-2.4.23.tgz",
			"integrity": "sha512-lAB5zJghWxVPqfcStmAP1ZqQacMpe90UrP5RJ3arDyrhy4aCUQqmxPPLB2PWDKugvylmO41ljK7vZ+t6INMTag==",
			"license": "MIT",
			"dependencies": {
				"@volar/language-core": "2.4.23",
				"path-browserify": "^1.0.1",
				"vscode-uri": "^3.0.8"
			}
		},
		"node_modules/@vue/compiler-core": {
			"version": "3.5.43",
			"resolved": "https://registry.npmmirror.com/@vue/compiler-core/-/compiler-core-3.5.43.tgz",
			"integrity": "sha512-zdiLhnbe1QQqgDT8xZMpNmyqZ3qlI+/Q/FHQco57Kwl/b05HhCzN6eVGN9QU9rbga4CrS0H5SYY8VGHZCt/1Hg==",
			"license": "MIT",
			"dependencies": {
				"@babel/parser": "^7.29.8",
				"@vue/shared": "3.5.43",
				"entities": "^7.0.1",
				"estree-walker": "^2.0.2",
				"source-map-js": "^1.2.1"
			}
		},
		"node_modules/@vue/compiler-dom": {
			"version": "3.5.43",
			"resolved": "https://registry.npmmirror.com/@vue/compiler-dom/-/compiler-dom-3.5.43.tgz",
			"integrity": "sha512-PEZoAk3NQmsn/ejMzSOCyTYqwGqczrWm70PuhBKjjv1+TCoQAaO/zOqNwjV+honlNstT5ILxtc+8r8UUfj+iEQ==",
			"license": "MIT",
			"dependencies": {
				"@vue/compiler-core": "3.5.43",
				"@vue/shared": "3.5.43"
			}
		},
		"node_modules/@vue/language-core": {
			"version": "3.1.5",
			"resolved": "https://registry.npmmirror.com/@vue/language-core/-/language-core-3.1.5.tgz",
			"integrity": "sha512-FMcqyzWN+sYBeqRMWPGT2QY0mUasZMVIuHvmb5NT3eeqPrbHBYtCP8JWEUCDCgM+Zr62uuWY/qoeBrPrzfa78w==",
			"license": "MIT",
			"dependencies": {
				"@volar/language-core": "2.4.23",
				"@vue/compiler-dom": "^3.5.0",
				"@vue/shared": "^3.5.0",
				"alien-signals": "^3.0.0",
				"muggle-string": "^0.4.1",
				"path-browserify": "^1.0.1",
				"picomatch": "^4.0.2"
			},
			"peerDependencies": {
				"typescript": "*"
			},
			"peerDependenciesMeta": {
				"typescript": {
					"optional": true
				}
			}
		},
		"node_modules/@vue/shared": {
			"version": "3.5.43",
			"resolved": "https://registry.npmmirror.com/@vue/shared/-/shared-3.5.43.tgz",
			"integrity": "sha512-uksS7YGMR5NZyr4JNq0Rp+QyLns0ueaz20KwzIPW9R0LH1Vnt4E+XUM29PNseEbf1www2gOuhuDi5AKOIXag9Q==",
			"license": "MIT"
		},
		"node_modules/alien-signals": {
			"version": "3.2.1",
			"resolved": "https://registry.npmmirror.com/alien-signals/-/alien-signals-3.2.1.tgz",
			"integrity": "sha512-I8FjmltrfnDFoZedi5CG8DghVYNhzb/Ijluz7tCSJH0xpd0484Kowhbb1XDYOxfJpU1p5wnM2X54dA+IfGyD1g==",
			"license": "MIT"
		},
		"node_modules/entities": {
			"version": "7.0.1",
			"resolved": "https://registry.npmmirror.com/entities/-/entities-7.0.1.tgz",
			"integrity": "sha512-TWrgLOFUQTH994YUyl1yT4uyavY5nNB5muff+RtWaqNVCAK408b5ZnnbNAUEWLTCpum9w6arT70i1XdQ4UeOPA==",
			"license": "BSD-2-Clause",
			"engines": {
				"node": ">=0.12"
			},
			"funding": {
				"url": "https://github.com/fb55/entities?sponsor=1"
			}
		},
		"node_modules/estree-walker": {
			"version": "2.0.2",
			"resolved": "https://registry.npmmirror.com/estree-walker/-/estree-walker-2.0.2.tgz",
			"integrity": "sha512-Rfkk/Mp/DL7JVje3u18FxFujQlTNR2q6QfMSMB7AvCBx91NGj/ba3kCfza0f6dVDbw7YlRf/nDrn7pQrCCyQ/w==",
			"license": "MIT"
		},
		"node_modules/muggle-string": {
			"version": "0.4.1",
			"resolved": "https://registry.npmmirror.com/muggle-string/-/muggle-string-0.4.1.tgz",
			"integrity": "sha512-VNTrAak/KhO2i8dqqnqnAHOa3cYBwXEZe9h+D5h/1ZqFSTEFHdM65lR7RoIqq3tBBYavsOXV84NoHXZ0AkPyqQ==",
			"license": "MIT"
		},
		"node_modules/path-browserify": {
			"version": "1.0.1",
			"resolved": "https://registry.npmmirror.com/path-browserify/-/path-browserify-1.0.1.tgz",
			"integrity": "sha512-b7uo2UCUOYZcnF/3ID0lulOJi/bafxa1xPe7ZPsammBSpjSWQkjNxlt635YGS2MiR9GjvuXCtz2emr3jbsz98g==",
			"license": "MIT"
		},
		"node_modules/picomatch": {
			"version": "4.0.7",
			"resolved": "https://registry.npmmirror.com/picomatch/-/picomatch-4.0.7.tgz",
			"integrity": "sha512-qcJu88Q2IWqJsDD529JKMdwGm/dvInW4HvQnRwiH9JtihJvzGOscDtHE3x1pBKeUOTysQ8kVmLnJ2kJu7yhcGA==",
			"license": "MIT",
			"engines": {
				"node": ">=12"
			},
			"funding": {
				"url": "https://github.com/sponsors/jonschlinkert"
			}
		},
		"node_modules/source-map-js": {
			"version": "1.2.1",
			"resolved": "https://registry.npmmirror.com/source-map-js/-/source-map-js-1.2.1.tgz",
			"integrity": "sha512-UXWMKhLOwVKb728IUtQPXxfYU+usdybtUrK/8uGE8CQMvrhOpwvzDBwj0QhSL7MQc7vIsISBG8VQ8+IDQxpfQA==",
			"license": "BSD-3-Clause",
			"engines": {
				"node": ">=0.10.0"
			}
		},
		"node_modules/typescript": {
			"version": "7.0.2",
			"resolved": "https://registry.npmmirror.com/typescript/-/typescript-7.0.2.tgz",
			"integrity": "sha512-8FYau96o3NKOhbjKi/qNvG/W5jhzxkbdm5sj9AbZ/5T5sWqn3hJgLfGx27sRKZWTvyzCP8dLRBTf5tBTSRVUNA==",
			"license": "Apache-2.0",
			"peer": true,
			"bin": {
				"tsc": "bin/tsc"
			},
			"engines": {
				"node": ">=16.20.0"
			},
			"optionalDependencies": {
				"@typescript/typescript-aix-ppc64": "7.0.2",
				"@typescript/typescript-darwin-arm64": "7.0.2",
				"@typescript/typescript-darwin-x64": "7.0.2",
				"@typescript/typescript-freebsd-arm64": "7.0.2",
				"@typescript/typescript-freebsd-x64": "7.0.2",
				"@typescript/typescript-linux-arm": "7.0.2",
				"@typescript/typescript-linux-arm64": "7.0.2",
				"@typescript/typescript-linux-loong64": "7.0.2",
				"@typescript/typescript-linux-mips64el": "7.0.2",
				"@typescript/typescript-linux-ppc64": "7.0.2",
				"@typescript/typescript-linux-riscv64": "7.0.2",
				"@typescript/typescript-linux-s390x": "7.0.2",
				"@typescript/typescript-linux-x64": "7.0.2",
				"@typescript/typescript-netbsd-arm64": "7.0.2",
				"@typescript/typescript-netbsd-x64": "7.0.2",
				"@typescript/typescript-openbsd-arm64": "7.0.2",
				"@typescript/typescript-openbsd-x64": "7.0.2",
				"@typescript/typescript-sunos-x64": "7.0.2",
				"@typescript/typescript-win32-arm64": "7.0.2",
				"@typescript/typescript-win32-x64": "7.0.2"
			}
		},
		"node_modules/typescript-native-bridge": {
			"version": "6.0.3-bridge.16.tsgo.7.0.2",
			"resolved": "https://registry.npmmirror.com/typescript-native-bridge/-/typescript-native-bridge-6.0.3-bridge.16.tsgo.7.0.2.tgz",
			"integrity": "sha512-bO+fh23fh4j0mK2NmlFOrlbR9Ke5cHpjOsDaM2czXlSXqxNchGdDVyAdaVCFz0DofkFOov96HLvQaP3W57F+CA==",
			"license": "Apache-2.0",
			"bin": {
				"tsc": "bin/tsc",
				"tsserver": "bin/tsserver"
			},
			"engines": {
				"node": ">=20.19"
			},
			"optionalDependencies": {
				"@typescript-native-bridge/darwin-arm64": "6.0.3-bridge.16.tsgo.7.0.2",
				"@typescript-native-bridge/darwin-x64": "6.0.3-bridge.16.tsgo.7.0.2",
				"@typescript-native-bridge/linux-arm": "6.0.3-bridge.16.tsgo.7.0.2",
				"@typescript-native-bridge/linux-arm64": "6.0.3-bridge.16.tsgo.7.0.2",
				"@typescript-native-bridge/linux-x64": "6.0.3-bridge.16.tsgo.7.0.2",
				"@typescript-native-bridge/win32-arm64": "6.0.3-bridge.16.tsgo.7.0.2",
				"@typescript-native-bridge/win32-x64": "6.0.3-bridge.16.tsgo.7.0.2"
			}
		},
		"node_modules/vscode-uri": {
			"version": "3.2.0",
			"resolved": "https://registry.npmmirror.com/vscode-uri/-/vscode-uri-3.2.0.tgz",
			"integrity": "sha512-m2gXo3bn0G1kT9InzMf07fTbqMbGtyckj3bH5ktLO+1Ssv+yiATZ4dhwaQv9UZWxJh6E9IFGnQyjgWVDWVBDrg==",
			"license": "MIT"
		},
		"node_modules/vue-tsc": {
			"version": "3.1.5",
			"resolved": "https://registry.npmmirror.com/vue-tsc/-/vue-tsc-3.1.5.tgz",
			"integrity": "sha512-L/G9IUjOWhBU0yun89rv8fKqmKC+T0HfhrFjlIml71WpfBv9eb4E9Bev8FMbyueBIU9vxQqbd+oOsVcDa5amGw==",
			"license": "MIT",
			"dependencies": {
				"@volar/typescript": "2.4.23",
				"@vue/language-core": "3.1.5"
			},
			"bin": {
				"vue-tsc": "bin/vue-tsc.js"
			},
			"peerDependencies": {
				"typescript": ">=5.0.0"
			}
		}
	}
}
